
Microsoft Visual Studio Solution File, Format Version 12.00
# Visual Studio 15
VisualStudioVersion = 15.0.28307.645
MinimumVisualStudioVersion = 10.0.40219.1
Project("{FAE04EC0-301F-11D3-BF4B-00C04F79EFBC}") = "BookReadingEvent", "BookReadingEvent\BookReadingEvent.csproj", "{D55CA710-2FC4-4B22-9AAE-609246920C09}"
EndProject
Project("{FAE04EC0-301F-11D3-BF4B-00C04F79EFBC}") = "BookReadingEvent.Tests", "BookReadingEvent.Tests\BookReadingEvent.Tests.csproj", "{6DBE968F-07D2-49E6-B47E-CEDE55B9DA53}"
EndProject
Project("{FAE04EC0-301F-11D3-BF4B-00C04F79EFBC}") = "BussinessLayer", "BussinessLayer\BussinessLayer.csproj", "{15F78788-15BB-4D24-B40B-460C931FE917}"
EndProject
Project("{FAE04EC0-301F-11D3-BF4B-00C04F79EFBC}") = "DataLayer", "DataLayer\DataLayer.csproj", "{56181C5A-A6FB-46E4-9098-6E166C31A129}"
EndProject
Project("{FAE04EC0-301F-11D3-BF4B-00C04F79EFBC}") = "BookReadingEventViewModel", "BookReadingEventViewModel\BookReadingEventViewModel.csproj", "{3F2F257B-7298-4A3A-92D0-D946E78DEBBF}"
EndProject
Global
	GlobalSection(SolutionConfigurationPlatforms) = preSolution
		Debug|Any CPU = Debug|Any CPU
		Release|Any CPU = Release|Any CPU
	EndGlobalSection
	GlobalSection(ProjectConfigurationPlatforms) = postSolution
		{D55CA710-2FC4-4B22-9AAE-609246920C09}.Debug|Any CPU.ActiveCfg = Debug|Any CPU
		{D55CA710-2FC4-4B22-9AAE-609246920C09}.Debug|Any CPU.Build.0 = Debug|Any CPU
		{D55CA710-2FC4-4B22-9AAE-609246920C09}.Release|Any CPU.ActiveCfg = Release|Any CPU
		{D55CA710-2FC4-4B22-9AAE-609246920C09}.Release|Any CPU.Build.0 = Release|Any CPU
		{6DBE968F-07D2-49E6-B47E-CEDE55B9DA53}.Debug|Any CPU.ActiveCfg = Debug|Any CPU
		{6DBE968F-07D2-49E6-B47E-CEDE55B9DA53}.Debug|Any CPU.Build.0 = Debug|Any CPU
		{6DBE968F-07D2-49E6-B47E-CEDE55B9DA53}.Release|Any CPU.ActiveCfg = Release|Any CPU
		{6DBE968F-07D2-49E6-B47E-CEDE55B9DA53}.Release|Any CPU.Build.0 = Release|Any CPU
		{15F78788-15BB-4D24-B40B-460C931FE917}.Debug|Any CPU.ActiveCfg = Debug|Any CPU
		{15F78788-15BB-4D24-B40B-460C931FE917}.Debug|Any CPU.Build.0 = Debug|Any CPU
		{15F78788-15BB-4D24-B40B-460C931FE917}.Release|Any CPU.ActiveCfg = Release|Any CPU
		{15F78788-15BB-4D24-B40B-460C931FE917}.Release|Any CPU.Build.0 = Release|Any CPU
		{56181C5A-A6FB-46E4-9098-6E166C31A129}.Debug|Any CPU.ActiveCfg = Debug|Any CPU
		{56181C5A-A6FB-46E4-9098-6E166C31A129}.Debug|Any CPU.Build.0 = Debug|Any CPU
		{56181C5A-A6FB-46E4-9098-6E166C31A129}.Release|Any CPU.ActiveCfg = Release|Any CPU
		{56181C5A-A6FB-46E4-9098-6E166C31A129}.Release|Any CPU.Build.0 = Release|Any CPU
		{3F2F257B-7298-4A3A-92D0-D946E78DEBBF}.Debug|Any CPU.ActiveCfg = Debug|Any CPU
		{3F2F257B-7298-4A3A-92D0-D946E78DEBBF}.Debug|Any CPU.Build.0 = Debug|Any CPU
		{3F2F257B-7298-4A3A-92D0-D946E78DEBBF}.Release|Any CPU.ActiveCfg = Release|Any CPU
		{3F2F257B-7298-4A3A-92D0-D946E78DEBBF}.Release|Any CPU.Build.0 = Release|Any CPU
	EndGlobalSection
	GlobalSection(SolutionProperties) = preSolution
		HideSolutionNode = FALSE
	EndGlobalSection
	GlobalSection(ExtensibilityGlobals) = postSolution
		SolutionGuid = {D3AC9D24-E670-4EC8-B1EE-EF020A717CD5}
	EndGlobalSection
EndGlobal
